
Microsoft Visual Studio Solution File, Format Version 12.00
# Visual Studio Version 17
VisualStudioVersion = 17.9.34723.18
MinimumVisualStudioVersion = 10.0.40219.1
Project("{9A19103F-16F7-4668-BE54-9A1E7A4F7556}") = "CsharpPFCursus", "CsharpPFCursus\CsharpPFCursus.csproj", "{6AC97E71-EA5F-4FD8-B06E-50E056E13B14}"
EndProject
Project("{9A19103F-16F7-4668-BE54-9A1E7A4F7556}") = "CSharpOefeningen", "CSharpOefeningen\CSharpOefeningen.csproj", "{47A35A2D-A373-4F40-9AE1-3847488786D4}"
EndProject
Project("{9A19103F-16F7-4668-BE54-9A1E7A4F7556}") = "Oefening1", "Oefening1\Oefening1.csproj", "{4DBFAFA0-83F6-487E-BC1F-B94C9F8117EF}"
EndProject
Project("{FAE04EC0-301F-11D3-BF4B-00C04F79EFBC}") = "PastaPizzaNet", "PastaPizzaNet\PastaPizzaNet.csproj", "{31085491-8283-410F-8C0E-0F16D81D6739}"
EndProject
Global
	GlobalSection(SolutionConfigurationPlatforms) = preSolution
		Debug|Any CPU = Debug|Any CPU
		Release|Any CPU = Release|Any CPU
	EndGlobalSection
	GlobalSection(ProjectConfigurationPlatforms) = postSolution
		{6AC97E71-EA5F-4FD8-B06E-50E056E13B14}.Debug|Any CPU.ActiveCfg = Debug|Any CPU
		{6AC97E71-EA5F-4FD8-B06E-50E056E13B14}.Debug|Any CPU.Build.0 = Debug|Any CPU
		{6AC97E71-EA5F-4FD8-B06E-50E056E13B14}.Release|Any CPU.ActiveCfg = Release|Any CPU
		{6AC97E71-EA5F-4FD8-B06E-50E056E13B14}.Release|Any CPU.Build.0 = Release|Any CPU
		{47A35A2D-A373-4F40-9AE1-3847488786D4}.Debug|Any CPU.ActiveCfg = Debug|Any CPU
		{47A35A2D-A373-4F40-9AE1-3847488786D4}.Debug|Any CPU.Build.0 = Debug|Any CPU
		{47A35A2D-A373-4F40-9AE1-3847488786D4}.Release|Any CPU.ActiveCfg = Release|Any CPU
		{47A35A2D-A373-4F40-9AE1-3847488786D4}.Release|Any CPU.Build.0 = Release|Any CPU
		{4DBFAFA0-83F6-487E-BC1F-B94C9F8117EF}.Debug|Any CPU.ActiveCfg = Debug|Any CPU
		{4DBFAFA0-83F6-487E-BC1F-B94C9F8117EF}.Debug|Any CPU.Build.0 = Debug|Any CPU
		{4DBFAFA0-83F6-487E-BC1F-B94C9F8117EF}.Release|Any CPU.ActiveCfg = Release|Any CPU
		{4DBFAFA0-83F6-487E-BC1F-B94C9F8117EF}.Release|Any CPU.Build.0 = Release|Any CPU
		{31085491-8283-410F-8C0E-0F16D81D6739}.Debug|Any CPU.ActiveCfg = Debug|Any CPU
		{31085491-8283-410F-8C0E-0F16D81D6739}.Debug|Any CPU.Build.0 = Debug|Any CPU
		{31085491-8283-410F-8C0E-0F16D81D6739}.Release|Any CPU.ActiveCfg = Release|Any CPU
		{31085491-8283-410F-8C0E-0F16D81D6739}.Release|Any CPU.Build.0 = Release|Any CPU
	EndGlobalSection
	GlobalSection(SolutionProperties) = preSolution
		HideSolutionNode = FALSE
	EndGlobalSection
	GlobalSection(ExtensibilityGlobals) = postSolution
		SolutionGuid = {79BD4EC3-88EF-4893-9298-2357172548DE}
	EndGlobalSection
EndGlobal
